
Microsoft Visual Studio Solution File, Format Version 12.00
# Visual Studio Version 16
VisualStudioVersion = 16.0.31424.327
MinimumVisualStudioVersion = 10.0.40219.1
Project("{8BC9CEB8-8B4A-11D0-8D11-00A0C91BC942}") = "RW792", "RW792\RW792.vcxproj", "{6AA31065-5F0F-430E-9E8A-46CF7D59C110}"
EndProject
Global
	GlobalSection(SolutionConfigurationPlatforms) = preSolution
		Debug|x64 = Debug|x64
		Debug|x86 = Debug|x86
		Release|x64 = Release|x64
		Release|x86 = Release|x86
	EndGlobalSection
	GlobalSection(ProjectConfigurationPlatforms) = postSolution
		{6AA31065-5F0F-430E-9E8A-46CF7D59C110}.Debug|x64.ActiveCfg = Debug|x64
		{6AA31065-5F0F-430E-9E8A-46CF7D59C110}.Debug|x64.Build.0 = Debug|x64
		{6AA31065-5F0F-430E-9E8A-46CF7D59C110}.Debug|x86.ActiveCfg = Debug|Win32
		{6AA31065-5F0F-430E-9E8A-46CF7D59C110}.Debug|x86.Build.0 = Debug|Win32
		{6AA31065-5F0F-430E-9E8A-46CF7D59C110}.Release|x64.ActiveCfg = Release|x64
		{6AA31065-5F0F-430E-9E8A-46CF7D59C110}.Release|x64.Build.0 = Release|x64
		{6AA31065-5F0F-430E-9E8A-46CF7D59C110}.Release|x86.ActiveCfg = Release|Win32
		{6AA31065-5F0F-430E-9E8A-46CF7D59C110}.Release|x86.Build.0 = Release|Win32
	EndGlobalSection
	GlobalSection(SolutionProperties) = preSolution
		HideSolutionNode = FALSE
	EndGlobalSection
	GlobalSection(ExtensibilityGlobals) = postSolution
		SolutionGuid = {7E81FB56-02C8-42E4-AD7D-E17BCA6D390E}
	EndGlobalSection
EndGlobal
